// !$*UTF8*$!
{
	archiveVersion = 1;
	classes = {
	};
	objectVersion = 56;
	objects = {

/* Begin PBXBuildFile section */
		E8C3B2272DA4C7200090687B /* AppDelegate.swift in Sources */ = {isa = PBXBuildFile; fileRef = E8C3B2262DA4C7200090687B /* AppDelegate.swift */; };
		E8C3B2292DA4C7200090687B /* SceneDelegate.swift in Sources */ = {isa = PBXBuildFile; fileRef = E8C3B2282DA4C7200090687B /* SceneDelegate.swift */; };
		E8C3B22B2DA4C7200090687B /* ViewController.swift in Sources */ = {isa = PBXBuildFile; fileRef = E8C3B22A2DA4C7200090687B /* ViewController.swift */; };
		E8C3B22E2DA4C7200090687B /* Main.storyboard in Resources */ = {isa = PBXBuildFile; fileRef = E8C3B22C2DA4C7200090687B /* Main.storyboard */; };
		E8C3B2302DA4C7220090687B /* Assets.xcassets in Resources */ = {isa = PBXBuildFile; fileRef = E8C3B22F2DA4C7220090687B /* Assets.xcassets */; };
		E8C3B2332DA4C7220090687B /* LaunchScreen.storyboard in Resources */ = {isa = PBXBuildFile; fileRef = E8C3B2312DA4C7220090687B /* LaunchScreen.storyboard */; };
		E8C3B23E2DA4C7220090687B /* Hoc_Lai_Xe_BTests.swift in Sources */ = {isa = PBXBuildFile; fileRef = E8C3B23D2DA4C7220090687B /* Hoc_Lai_Xe_BTests.swift */; };
		E8C3B2482DA4C7220090687B /* Hoc_Lai_Xe_BUITests.swift in Sources */ = {isa = PBXBuildFile; fileRef = E8C3B2472DA4C7220090687B /* Hoc_Lai_Xe_BUITests.swift */; };
		E8C3B24A2DA4C7220090687B /* Hoc_Lai_Xe_BUITestsLaunchTests.swift in Sources */ = {isa = PBXBuildFile; fileRef = E8C3B2492DA4C7220090687B /* Hoc_Lai_Xe_BUITestsLaunchTests.swift */; };
		E8C3B2572DA518F80090687B /* AssistiveTouch.swift in Sources */ = {isa = PBXBuildFile; fileRef = E8C3B2562DA518F80090687B /* AssistiveTouch.swift */; };
		E8C3B2592DA617180090687B /* ViewController1.swift in Sources */ = {isa = PBXBuildFile; fileRef = E8C3B2582DA617180090687B /* ViewController1.swift */; };
/* End PBXBuildFile section */

/* Begin PBXContainerItemProxy section */
		E8C3B23A2DA4C7220090687B /* PBXContainerItemProxy */ = {
			isa = PBXContainerItemProxy;
			containerPortal = E8C3B21B2DA4C7200090687B /* Project object */;
			proxyType = 1;
			remoteGlobalIDString = E8C3B2222DA4C7200090687B;
			remoteInfo = Hoc_Lai_Xe_B;
		};
		E8C3B2442DA4C7220090687B /* PBXContainerItemProxy */ = {
			isa = PBXContainerItemProxy;
			containerPortal = E8C3B21B2DA4C7200090687B /* Project object */;
			proxyType = 1;
			remoteGlobalIDString = E8C3B2222DA4C7200090687B;
			remoteInfo = Hoc_Lai_Xe_B;
		};
/* End PBXContainerItemProxy section */

/* Begin PBXFileReference section */
		E8C3B2232DA4C7200090687B /* Hoc_Lai_Xe_B.app */ = {isa = PBXFileReference; explicitFileType = wrapper.application; includeInIndex = 0; path = Hoc_Lai_Xe_B.app; sourceTree = BUILT_PRODUCTS_DIR; };
		E8C3B2262DA4C7200090687B /* AppDelegate.swift */ = {isa = PBXFileReference; lastKnownFileType = sourcecode.swift; path = AppDelegate.swift; sourceTree = "<group>"; };
		E8C3B2282DA4C7200090687B /* SceneDelegate.swift */ = {isa = PBXFileReference; lastKnownFileType = sourcecode.swift; path = SceneDelegate.swift; sourceTree = "<group>"; };
		E8C3B22A2DA4C7200090687B /* ViewController.swift */ = {isa = PBXFileReference; lastKnownFileType = sourcecode.swift; path = ViewController.swift; sourceTree = "<group>"; };
		E8C3B22D2DA4C7200090687B /* Base */ = {isa = PBXFileReference; lastKnownFileType = file.storyboard; name = Base; path = Base.lproj/Main.storyboard; sourceTree = "<group>"; };
		E8C3B22F2DA4C7220090687B /* Assets.xcassets */ = {isa = PBXFileReference; lastKnownFileType = folder.assetcatalog; path = Assets.xcassets; sourceTree = "<group>"; };
		E8C3B2322DA4C7220090687B /* Base */ = {isa = PBXFileReference; lastKnownFileType = file.storyboard; name = Base; path = Base.lproj/LaunchScreen.storyboard; sourceTree = "<group>"; };
		E8C3B2342DA4C7220090687B /* Info.plist */ = {isa = PBXFileReference; lastKnownFileType = text.plist.xml; path = Info.plist; sourceTree = "<group>"; };
		E8C3B2392DA4C7220090687B /* Hoc_Lai_Xe_BTests.xctest */ = {isa = PBXFileReference; explicitFileType = wrapper.cfbundle; includeInIndex = 0; path = Hoc_Lai_Xe_BTests.xctest; sourceTree = BUILT_PRODUCTS_DIR; };
		E8C3B23D2DA4C7220090687B /* Hoc_Lai_Xe_BTests.swift */ = {isa = PBXFileReference; lastKnownFileType = sourcecode.swift; path = Hoc_Lai_Xe_BTests.swift; sourceTree = "<group>"; };
		E8C3B2432DA4C7220090687B /* Hoc_Lai_Xe_BUITests.xctest */ = {isa = PBXFileReference; explicitFileType = wrapper.cfbundle; includeInIndex = 0; path = Hoc_Lai_Xe_BUITests.xctest; sourceTree = BUILT_PRODUCTS_DIR; };
		E8C3B2472DA4C7220090687B /* Hoc_Lai_Xe_BUITests.swift */ = {isa = PBXFileReference; lastKnownFileType = sourcecode.swift; path = Hoc_Lai_Xe_BUITests.swift; sourceTree = "<group>"; };
		E8C3B2492DA4C7220090687B /* Hoc_Lai_Xe_BUITestsLaunchTests.swift */ = {isa = PBXFileReference; lastKnownFileType = sourcecode.swift; path = Hoc_Lai_Xe_BUITestsLaunchTests.swift; sourceTree = "<group>"; };
		E8C3B2562DA518F80090687B /* AssistiveTouch.swift */ = {isa = PBXFileReference; lastKnownFileType = sourcecode.swift; path = AssistiveTouch.swift; sourceTree = "<group>"; };
		E8C3B2582DA617180090687B /* ViewController1.swift */ = {isa = PBXFileReference; lastKnownFileType = sourcecode.swift; path = ViewController1.swift; sourceTree = "<group>"; };
/* End PBXFileReference section */

/* Begin PBXFrameworksBuildPhase section */
		E8C3B2202DA4C7200090687B /* Frameworks */ = {
			isa = PBXFrameworksBuildPhase;
			buildActionMask = 2147483647;
			files = (
			);
			runOnlyForDeploymentPostprocessing = 0;
		};
		E8C3B2362DA4C7220090687B /* Frameworks */ = {
			isa = PBXFrameworksBuildPhase;
			buildActionMask = 2147483647;
			files = (
			);
			runOnlyForDeploymentPostprocessing = 0;
		};
		E8C3B2402DA4C7220090687B /* Frameworks */ = {
			isa = PBXFrameworksBuildPhase;
			buildActionMask = 2147483647;
			files = (
			);
			runOnlyForDeploymentPostprocessing = 0;
		};
/* End PBXFrameworksBuildPhase section */

/* Begin PBXGroup section */
		E8C3B21A2DA4C7200090687B = {
			isa = PBXGroup;
			children = (
				E8C3B2252DA4C7200090687B /* Hoc_Lai_Xe_B */,
				E8C3B23C2DA4C7220090687B /* Hoc_Lai_Xe_BTests */,
				E8C3B2462DA4C7220090687B /* Hoc_Lai_Xe_BUITests */,
				E8C3B2242DA4C7200090687B /* Products */,
			);
			sourceTree = "<group>";
		};
		E8C3B2242DA4C7200090687B /* Products */ = {
			isa = PBXGroup;
			children = (
				E8C3B2232DA4C7200090687B /* Hoc_Lai_Xe_B.app */,
				E8C3B2392DA4C7220090687B /* Hoc_Lai_Xe_BTests.xctest */,
				E8C3B2432DA4C7220090687B /* Hoc_Lai_Xe_BUITests.xctest */,
			);
			name = Products;
			sourceTree = "<group>";
		};
		E8C3B2252DA4C7200090687B /* Hoc_Lai_Xe_B */ = {
			isa = PBXGroup;
			children = (
				E8C3B2262DA4C7200090687B /* AppDelegate.swift */,
				E8C3B2282DA4C7200090687B /* SceneDelegate.swift */,
				E8C3B22A2DA4C7200090687B /* ViewController.swift */,
				E8C3B2562DA518F80090687B /* AssistiveTouch.swift */,
				E8C3B22C2DA4C7200090687B /* Main.storyboard */,
				E8C3B22F2DA4C7220090687B /* Assets.xcassets */,
				E8C3B2312DA4C7220090687B /* LaunchScreen.storyboard */,
				E8C3B2342DA4C7220090687B /* Info.plist */,
				E8C3B2582DA617180090687B /* ViewController1.swift */,
			);
			path = Hoc_Lai_Xe_B;
			sourceTree = "<group>";
		};
		E8C3B23C2DA4C7220090687B /* Hoc_Lai_Xe_BTests */ = {
			isa = PBXGroup;
			children = (
				E8C3B23D2DA4C7220090687B /* Hoc_Lai_Xe_BTests.swift */,
			);
			path = Hoc_Lai_Xe_BTests;
			sourceTree = "<group>";
		};
		E8C3B2462DA4C7220090687B /* Hoc_Lai_Xe_BUITests */ = {
			isa = PBXGroup;
			children = (
				E8C3B2472DA4C7220090687B /* Hoc_Lai_Xe_BUITests.swift */,
				E8C3B2492DA4C7220090687B /* Hoc_Lai_Xe_BUITestsLaunchTests.swift */,
			);
			path = Hoc_Lai_Xe_BUITests;
			sourceTree = "<group>";
		};
/* End PBXGroup section */

/* Begin PBXNativeTarget section */
		E8C3B2222DA4C7200090687B /* Hoc_Lai_Xe_B */ = {
			isa = PBXNativeTarget;
			buildConfigurationList = E8C3B24D2DA4C7220090687B /* Build configuration list for PBXNativeTarget "Hoc_Lai_Xe_B" */;
			buildPhases = (
				E8C3B21F2DA4C7200090687B /* Sources */,
				E8C3B2202DA4C7200090687B /* Frameworks */,
				E8C3B2212DA4C7200090687B /* Resources */,
			);
			buildRules = (
			);
			dependencies = (
			);
			name = Hoc_Lai_Xe_B;
			productName = Hoc_Lai_Xe_B;
			productReference = E8C3B2232DA4C7200090687B /* Hoc_Lai_Xe_B.app */;
			productType = "com.apple.product-type.application";
		};
		E8C3B2382DA4C7220090687B /* Hoc_Lai_Xe_BTests */ = {
			isa = PBXNativeTarget;
			buildConfigurationList = E8C3B2502DA4C7220090687B /* Build configuration list for PBXNativeTarget "Hoc_Lai_Xe_BTests" */;
			buildPhases = (
				E8C3B2352DA4C7220090687B /* Sources */,
				E8C3B2362DA4C7220090687B /* Frameworks */,
				E8C3B2372DA4C7220090687B /* Resources */,
			);
			buildRules = (
			);
			dependencies = (
				E8C3B23B2DA4C7220090687B /* PBXTargetDependency */,
			);
			name = Hoc_Lai_Xe_BTests;
			productName = Hoc_Lai_Xe_BTests;
			productReference = E8C3B2392DA4C7220090687B /* Hoc_Lai_Xe_BTests.xctest */;
			productType = "com.apple.product-type.bundle.unit-test";
		};
		E8C3B2422DA4C7220090687B /* Hoc_Lai_Xe_BUITests */ = {
			isa = PBXNativeTarget;
			buildConfigurationList = E8C3B2532DA4C7220090687B /* Build configuration list for PBXNativeTarget "Hoc_Lai_Xe_BUITests" */;
			buildPhases = (
				E8C3B23F2DA4C7220090687B /* Sources */,
				E8C3B2402DA4C7220090687B /* Frameworks */,
				E8C3B2412DA4C7220090687B /* Resources */,
			);
			buildRules = (
			);
			dependencies = (
				E8C3B2452DA4C7220090687B /* PBXTargetDependency */,
			);
			name = Hoc_Lai_Xe_BUITests;
			productName = Hoc_Lai_Xe_BUITests;
			productReference = E8C3B2432DA4C7220090687B /* Hoc_Lai_Xe_BUITests.xctest */;
			productType = "com.apple.product-type.bundle.ui-testing";
		};
/* End PBXNativeTarget section */

/* Begin PBXProject section */
		E8C3B21B2DA4C7200090687B /* Project object */ = {
			isa = PBXProject;
			attributes = {
				BuildIndependentTargetsInParallel = 1;
				LastSwiftUpdateCheck = 1520;
				LastUpgradeCheck = 1520;
				TargetAttributes = {
					E8C3B2222DA4C7200090687B = {
						CreatedOnToolsVersion = 15.2;
					};
					E8C3B2382DA4C7220090687B = {
						CreatedOnToolsVersion = 15.2;
						TestTargetID = E8C3B2222DA4C7200090687B;
					};
					E8C3B2422DA4C7220090687B = {
						CreatedOnToolsVersion = 15.2;
						TestTargetID = E8C3B2222DA4C7200090687B;
					};
				};
			};
			buildConfigurationList = E8C3B21E2DA4C7200090687B /* Build configuration list for PBXProject "Hoc_Lai_Xe_B" */;
			compatibilityVersion = "Xcode 14.0";
			developmentRegion = en;
			hasScannedForEncodings = 0;
			knownRegions = (
				en,
				Base,
			);
			mainGroup = E8C3B21A2DA4C7200090687B;
			productRefGroup = E8C3B2242DA4C7200090687B /* Products */;
			projectDirPath = "";
			projectRoot = "";
			targets = (
				E8C3B2222DA4C7200090687B /* Hoc_Lai_Xe_B */,
				E8C3B2382DA4C7220090687B /* Hoc_Lai_Xe_BTests */,
				E8C3B2422DA4C7220090687B /* Hoc_Lai_Xe_BUITests */,
			);
		};
/* End PBXProject section */

/* Begin PBXResourcesBuildPhase section */
		E8C3B2212DA4C7200090687B /* Resources */ = {
			isa = PBXResourcesBuildPhase;
			buildActionMask = 2147483647;
			files = (
				E8C3B2332DA4C7220090687B /* LaunchScreen.storyboard in Resources */,
				E8C3B2302DA4C7220090687B /* Assets.xcassets in Resources */,
				E8C3B22E2DA4C7200090687B /* Main.storyboard in Resources */,
			);
			runOnlyForDeploymentPostprocessing = 0;
		};
		E8C3B2372DA4C7220090687B /* Resources */ = {
			isa = PBXResourcesBuildPhase;
			buildActionMask = 2147483647;
			files = (
			);
			runOnlyForDeploymentPostprocessing = 0;
		};
		E8C3B2412DA4C7220090687B /* Resources */ = {
			isa = PBXResourcesBuildPhase;
			buildActionMask = 2147483647;
			files = (
			);
			runOnlyForDeploymentPostprocessing = 0;
		};
/* End PBXResourcesBuildPhase section */

/* Begin PBXSourcesBuildPhase section */
		E8C3B21F2DA4C7200090687B /* Sources */ = {
			isa = PBXSourcesBuildPhase;
			buildActionMask = 2147483647;
			files = (
				E8C3B22B2DA4C7200090687B /* ViewController.swift in Sources */,
				E8C3B2592DA617180090687B /* ViewController1.swift in Sources */,
				E8C3B2572DA518F80090687B /* AssistiveTouch.swift in Sources */,
				E8C3B2272DA4C7200090687B /* AppDelegate.swift in Sources */,
				E8C3B2292DA4C7200090687B /* SceneDelegate.swift in Sources */,
			);
			runOnlyForDeploymentPostprocessing = 0;
		};
		E8C3B2352DA4C7220090687B /* Sources */ = {
			isa = PBXSourcesBuildPhase;
			buildActionMask = 2147483647;
			files = (
				E8C3B23E2DA4C7220090687B /* Hoc_Lai_Xe_BTests.swift in Sources */,
			);
			runOnlyForDeploymentPostprocessing = 0;
		};
		E8C3B23F2DA4C7220090687B /* Sources */ = {
			isa = PBXSourcesBuildPhase;
			buildActionMask = 2147483647;
			files = (
				E8C3B24A2DA4C7220090687B /* Hoc_Lai_Xe_BUITestsLaunchTests.swift in Sources */,
				E8C3B2482DA4C7220090687B /* Hoc_Lai_Xe_BUITests.swift in Sources */,
			);
			runOnlyForDeploymentPostprocessing = 0;
		};
/* End PBXSourcesBuildPhase section */

/* Begin PBXTargetDependency section */
		E8C3B23B2DA4C7220090687B /* PBXTargetDependency */ = {
			isa = PBXTargetDependency;
			target = E8C3B2222DA4C7200090687B /* Hoc_Lai_Xe_B */;
			targetProxy = E8C3B23A2DA4C7220090687B /* PBXContainerItemProxy */;
		};
		E8C3B2452DA4C7220090687B /* PBXTargetDependency */ = {
			isa = PBXTargetDependency;
			target = E8C3B2222DA4C7200090687B /* Hoc_Lai_Xe_B */;
			targetProxy = E8C3B2442DA4C7220090687B /* PBXContainerItemProxy */;
		};
/* End PBXTargetDependency section */

/* Begin PBXVariantGroup section */
		E8C3B22C2DA4C7200090687B /* Main.storyboard */ = {
			isa = PBXVariantGroup;
			children = (
				E8C3B22D2DA4C7200090687B /* Base */,
			);
			name = Main.storyboard;
			sourceTree = "<group>";
		};
		E8C3B2312DA4C7220090687B /* LaunchScreen.storyboard */ = {
			isa = PBXVariantGroup;
			children = (
				E8C3B2322DA4C7220090687B /* Base */,
			);
			name = LaunchScreen.storyboard;
			sourceTree = "<group>";
		};
/* End PBXVariantGroup section */

/* Begin XCBuildConfiguration section */
		E8C3B24B2DA4C7220090687B /* Debug */ = {
			isa = XCBuildConfiguration;
			buildSettings = {
				ALWAYS_SEARCH_USER_PATHS = NO;
				ASSETCATALOG_COMPILER_GENERATE_SWIFT_ASSET_SYMBOL_EXTENSIONS = YES;
				CLANG_ANALYZER_NONNULL = YES;
				CLANG_ANALYZER_NUMBER_OBJECT_CONVERSION = YES_AGGRESSIVE;
				CLANG_CXX_LANGUAGE_STANDARD = "gnu++20";
				CLANG_ENABLE_MODULES = YES;
				CLANG_ENABLE_OBJC_ARC = YES;
				CLANG_ENABLE_OBJC_WEAK = YES;
				CLANG_WARN_BLOCK_CAPTURE_AUTORELEASING = YES;
				CLANG_WARN_BOOL_CONVERSION = YES;
				CLANG_WARN_COMMA = YES;
				CLANG_WARN_CONSTANT_CONVERSION = YES;
				CLANG_WARN_DEPRECATED_OBJC_IMPLEMENTATIONS = YES;
				CLANG_WARN_DIRECT_OBJC_ISA_USAGE = YES_ERROR;
				CLANG_WARN_DOCUMENTATION_COMMENTS = YES;
				CLANG_WARN_EMPTY_BODY = YES;
				CLANG_WARN_ENUM_CONVERSION = YES;
				CLANG_WARN_INFINITE_RECURSION = YES;
				CLANG_WARN_INT_CONVERSION = YES;
				CLANG_WARN_NON_LITERAL_NULL_CONVERSION = YES;
				CLANG_WARN_OBJC_IMPLICIT_RETAIN_SELF = YES;
				CLANG_WARN_OBJC_LITERAL_CONVERSION = YES;
				CLANG_WARN_OBJC_ROOT_CLASS = YES_ERROR;
				CLANG_WARN_QUOTED_INCLUDE_IN_FRAMEWORK_HEADER = YES;
				CLANG_WARN_RANGE_LOOP_ANALYSIS = YES;
				CLANG_WARN_STRICT_PROTOTYPES = YES;
				CLANG_WARN_SUSPICIOUS_MOVE = YES;
				CLANG_WARN_UNGUARDED_AVAILABILITY = YES_AGGRESSIVE;
				CLANG_WARN_UNREACHABLE_CODE = YES;
				CLANG_WARN__DUPLICATE_METHOD_MATCH = YES;
				COPY_PHASE_STRIP = NO;
				DEBUG_INFORMATION_FORMAT = dwarf;
				ENABLE_STRICT_OBJC_MSGSEND = YES;
				ENABLE_TESTABILITY = YES;
				ENABLE_USER_SCRIPT_SANDBOXING = YES;
				GCC_C_LANGUAGE_STANDARD = gnu17;
				GCC_DYNAMIC_NO_PIC = NO;
				GCC_NO_COMMON_BLOCKS = YES;
				GCC_OPTIMIZATION_LEVEL = 0;
				GCC_PREPROCESSOR_DEFINITIONS = (
					"DEBUG=1",
					"$(inherited)",
				);
				GCC_WARN_64_TO_32_BIT_CONVERSION = YES;
				GCC_WARN_ABOUT_RETURN_TYPE = YES_ERROR;
				GCC_WARN_UNDECLARED_SELECTOR = YES;
				GCC_WARN_UNINITIALIZED_AUTOS = YES_AGGRESSIVE;
				GCC_WARN_UNUSED_FUNCTION = YES;
				GCC_WARN_UNUSED_VARIABLE = YES;
				IPHONEOS_DEPLOYMENT_TARGET = 17.2;
				LOCALIZATION_PREFERS_STRING_CATALOGS = YES;
				MTL_ENABLE_DEBUG_INFO = INCLUDE_SOURCE;
				MTL_FAST_MATH = YES;
				ONLY_ACTIVE_ARCH = YES;
				SDKROOT = iphoneos;
				SWIFT_ACTIVE_COMPILATION_CONDITIONS = "DEBUG $(inherited)";
				SWIFT_OPTIMIZATION_LEVEL = "-Onone";
			};
			name = Debug;
		};
		E8C3B24C2DA4C7220090687B /* Release */ = {
			isa = XCBuildConfiguration;
			buildSettings = {
				ALWAYS_SEARCH_USER_PATHS = NO;
				ASSETCATALOG_COMPILER_GENERATE_SWIFT_ASSET_SYMBOL_EXTENSIONS = YES;
				CLANG_ANALYZER_NONNULL = YES;
				CLANG_ANALYZER_NUMBER_OBJECT_CONVERSION = YES_AGGRESSIVE;
				CLANG_CXX_LANGUAGE_STANDARD = "gnu++20";
				CLANG_ENABLE_MODULES = YES;
				CLANG_ENABLE_OBJC_ARC = YES;
				CLANG_ENABLE_OBJC_WEAK = YES;
				CLANG_WARN_BLOCK_CAPTURE_AUTORELEASING = YES;
				CLANG_WARN_BOOL_CONVERSION = YES;
				CLANG_WARN_COMMA = YES;
				CLANG_WARN_CONSTANT_CONVERSION = YES;
				CLANG_WARN_DEPRECATED_OBJC_IMPLEMENTATIONS = YES;
				CLANG_WARN_DIRECT_OBJC_ISA_USAGE = YES_ERROR;
				CLANG_WARN_DOCUMENTATION_COMMENTS = YES;
				CLANG_WARN_EMPTY_BODY = YES;
				CLANG_WARN_ENUM_CONVERSION = YES;
				CLANG_WARN_INFINITE_RECURSION = YES;
				CLANG_WARN_INT_CONVERSION = YES;
				CLANG_WARN_NON_LITERAL_NULL_CONVERSION = YES;
				CLANG_WARN_OBJC_IMPLICIT_RETAIN_SELF = YES;
				CLANG_WARN_OBJC_LITERAL_CONVERSION = YES;
				CLANG_WARN_OBJC_ROOT_CLASS = YES_ERROR;
				CLANG_WARN_QUOTED_INCLUDE_IN_FRAMEWORK_HEADER = YES;
				CLANG_WARN_RANGE_LOOP_ANALYSIS = YES;
				CLANG_WARN_STRICT_PROTOTYPES = YES;
				CLANG_WARN_SUSPICIOUS_MOVE = YES;
				CLANG_WARN_UNGUARDED_AVAILABILITY = YES_AGGRESSIVE;
				CLANG_WARN_UNREACHABLE_CODE = YES;
				CLANG_WARN__DUPLICATE_METHOD_MATCH = YES;
				COPY_PHASE_STRIP = NO;
				DEBUG_INFORMATION_FORMAT = "dwarf-with-dsym";
				ENABLE_NS_ASSERTIONS = NO;
				ENABLE_STRICT_OBJC_MSGSEND = YES;
				ENABLE_USER_SCRIPT_SANDBOXING = YES;
				GCC_C_LANGUAGE_STANDARD = gnu17;
				GCC_NO_COMMON_BLOCKS = YES;
				GCC_WARN_64_TO_32_BIT_CONVERSION = YES;
				GCC_WARN_ABOUT_RETURN_TYPE = YES_ERROR;
				GCC_WARN_UNDECLARED_SELECTOR = YES;
				GCC_WARN_UNINITIALIZED_AUTOS = YES_AGGRESSIVE;
				GCC_WARN_UNUSED_FUNCTION = YES;
				GCC_WARN_UNUSED_VARIABLE = YES;
				IPHONEOS_DEPLOYMENT_TARGET = 17.2;
				LOCALIZATION_PREFERS_STRING_CATALOGS = YES;
				MTL_ENABLE_DEBUG_INFO = NO;
				MTL_FAST_MATH = YES;
				SDKROOT = iphoneos;
				SWIFT_COMPILATION_MODE = wholemodule;
				VALIDATE_PRODUCT = YES;
			};
			name = Release;
		};
		E8C3B24E2DA4C7220090687B /* Debug */ = {
			isa = XCBuildConfiguration;
			buildSettings = {
				ASSETCATALOG_COMPILER_APPICON_NAME = AppIcon;
				ASSETCATALOG_COMPILER_GLOBAL_ACCENT_COLOR_NAME = AccentColor;
				CODE_SIGN_STYLE = Automatic;
				CURRENT_PROJECT_VERSION = 1;
				DEVELOPMENT_TEAM = JLPE5BL6NP;
				GENERATE_INFOPLIST_FILE = YES;
				INFOPLIST_FILE = Hoc_Lai_Xe_B/Info.plist;
				INFOPLIST_KEY_UIApplicationSupportsIndirectInputEvents = YES;
				INFOPLIST_KEY_UILaunchStoryboardName = LaunchScreen;
				INFOPLIST_KEY_UIMainStoryboardFile = Main;
				INFOPLIST_KEY_UISupportedInterfaceOrientations_iPad = "UIInterfaceOrientationPortrait UIInterfaceOrientationPortraitUpsideDown UIInterfaceOrientationLandscapeLeft UIInterfaceOrientationLandscapeRight";
				INFOPLIST_KEY_UISupportedInterfaceOrientations_iPhone = "UIInterfaceOrientationPortrait UIInterfaceOrientationLandscapeLeft UIInterfaceOrientationLandscapeRight";
				IPHONEOS_DEPLOYMENT_TARGET = 13.0;
				LD_RUNPATH_SEARCH_PATHS = (
					"$(inherited)",
					"@executable_path/Frameworks",
				);
				MARKETING_VERSION = 1.0;
				PRODUCT_BUNDLE_IDENTIFIER = com.onskyinc.healthandhome2;
				PRODUCT_NAME = "$(TARGET_NAME)";
				SWIFT_EMIT_LOC_STRINGS = YES;
				SWIFT_VERSION = 5.0;
				TARGETED_DEVICE_FAMILY = "1,2";
			};
			name = Debug;
		};
		E8C3B24F2DA4C7220090687B /* Release */ = {
			isa = XCBuildConfiguration;
			buildSettings = {
				ASSETCATALOG_COMPILER_APPICON_NAME = AppIcon;
				ASSETCATALOG_COMPILER_GLOBAL_ACCENT_COLOR_NAME = AccentColor;
				CODE_SIGN_STYLE = Automatic;
				CURRENT_PROJECT_VERSION = 1;
				DEVELOPMENT_TEAM = JLPE5BL6NP;
				GENERATE_INFOPLIST_FILE = YES;
				INFOPLIST_FILE = Hoc_Lai_Xe_B/Info.plist;
				INFOPLIST_KEY_UIApplicationSupportsIndirectInputEvents = YES;
				INFOPLIST_KEY_UILaunchStoryboardName = LaunchScreen;
				INFOPLIST_KEY_UIMainStoryboardFile = Main;
				INFOPLIST_KEY_UISupportedInterfaceOrientations_iPad = "UIInterfaceOrientationPortrait UIInterfaceOrientationPortraitUpsideDown UIInterfaceOrientationLandscapeLeft UIInterfaceOrientationLandscapeRight";
				INFOPLIST_KEY_UISupportedInterfaceOrientations_iPhone = "UIInterfaceOrientationPortrait UIInterfaceOrientationLandscapeLeft UIInterfaceOrientationLandscapeRight";
				IPHONEOS_DEPLOYMENT_TARGET = 13.0;
				LD_RUNPATH_SEARCH_PATHS = (
					"$(inherited)",
					"@executable_path/Frameworks",
				);
				MARKETING_VERSION = 1.0;
				PRODUCT_BUNDLE_IDENTIFIER = com.onskyinc.healthandhome2;
				PRODUCT_NAME = "$(TARGET_NAME)";
				SWIFT_EMIT_LOC_STRINGS = YES;
				SWIFT_VERSION = 5.0;
				TARGETED_DEVICE_FAMILY = "1,2";
			};
			name = Release;
		};
		E8C3B2512DA4C7220090687B /* Debug */ = {
			isa = XCBuildConfiguration;
			buildSettings = {
				ALWAYS_EMBED_SWIFT_STANDARD_LIBRARIES = YES;
				BUNDLE_LOADER = "$(TEST_HOST)";
				CODE_SIGN_STYLE = Automatic;
				CURRENT_PROJECT_VERSION = 1;
				GENERATE_INFOPLIST_FILE = YES;
				IPHONEOS_DEPLOYMENT_TARGET = 17.2;
				MARKETING_VERSION = 1.0;
				PRODUCT_BUNDLE_IDENTIFIER = "abc.Hoc-Lai-Xe-BTests";
				PRODUCT_NAME = "$(TARGET_NAME)";
				SWIFT_EMIT_LOC_STRINGS = NO;
				SWIFT_VERSION = 5.0;
				TARGETED_DEVICE_FAMILY = "1,2";
				TEST_HOST = "$(BUILT_PRODUCTS_DIR)/Hoc_Lai_Xe_B.app/$(BUNDLE_EXECUTABLE_FOLDER_PATH)/Hoc_Lai_Xe_B";
			};
			name = Debug;
		};
		E8C3B2522DA4C7220090687B /* Release */ = {
			isa = XCBuildConfiguration;
			buildSettings = {
				ALWAYS_EMBED_SWIFT_STANDARD_LIBRARIES = YES;
				BUNDLE_LOADER = "$(TEST_HOST)";
				CODE_SIGN_STYLE = Automatic;
				CURRENT_PROJECT_VERSION = 1;
				GENERATE_INFOPLIST_FILE = YES;
				IPHONEOS_DEPLOYMENT_TARGET = 17.2;
				MARKETING_VERSION = 1.0;
				PRODUCT_BUNDLE_IDENTIFIER = "abc.Hoc-Lai-Xe-BTests";
				PRODUCT_NAME = "$(TARGET_NAME)";
				SWIFT_EMIT_LOC_STRINGS = NO;
				SWIFT_VERSION = 5.0;
				TARGETED_DEVICE_FAMILY = "1,2";
				TEST_HOST = "$(BUILT_PRODUCTS_DIR)/Hoc_Lai_Xe_B.app/$(BUNDLE_EXECUTABLE_FOLDER_PATH)/Hoc_Lai_Xe_B";
			};
			name = Release;
		};
		E8C3B2542DA4C7220090687B /* Debug */ = {
			isa = XCBuildConfiguration;
			buildSettings = {
				ALWAYS_EMBED_SWIFT_STANDARD_LIBRARIES = YES;
				CODE_SIGN_STYLE = Automatic;
				CURRENT_PROJECT_VERSION = 1;
				GENERATE_INFOPLIST_FILE = YES;
				MARKETING_VERSION = 1.0;
				PRODUCT_BUNDLE_IDENTIFIER = "abc.Hoc-Lai-Xe-BUITests";
				PRODUCT_NAME = "$(TARGET_NAME)";
				SWIFT_EMIT_LOC_STRINGS = NO;
				SWIFT_VERSION = 5.0;
				TARGETED_DEVICE_FAMILY = "1,2";
				TEST_TARGET_NAME = Hoc_Lai_Xe_B;
			};
			name = Debug;
		};
		E8C3B2552DA4C7220090687B /* Release */ = {
			isa = XCBuildConfiguration;
			buildSettings = {
				ALWAYS_EMBED_SWIFT_STANDARD_LIBRARIES = YES;
				CODE_SIGN_STYLE = Automatic;
				CURRENT_PROJECT_VERSION = 1;
				GENERATE_INFOPLIST_FILE = YES;
				MARKETING_VERSION = 1.0;
				PRODUCT_BUNDLE_IDENTIFIER = "abc.Hoc-Lai-Xe-BUITests";
				PRODUCT_NAME = "$(TARGET_NAME)";
				SWIFT_EMIT_LOC_STRINGS = NO;
				SWIFT_VERSION = 5.0;
				TARGETED_DEVICE_FAMILY = "1,2";
				TEST_TARGET_NAME = Hoc_Lai_Xe_B;
			};
			name = Release;
		};
/* End XCBuildConfiguration section */

/* Begin XCConfigurationList section */
		E8C3B21E2DA4C7200090687B /* Build configuration list for PBXProject "Hoc_Lai_Xe_B" */ = {
			isa = XCConfigurationList;
			buildConfigurations = (
				E8C3B24B2DA4C7220090687B /* Debug */,
				E8C3B24C2DA4C7220090687B /* Release */,
			);
			defaultConfigurationIsVisible = 0;
			defaultConfigurationName = Release;
		};
		E8C3B24D2DA4C7220090687B /* Build configuration list for PBXNativeTarget "Hoc_Lai_Xe_B" */ = {
			isa = XCConfigurationList;
			buildConfigurations = (
				E8C3B24E2DA4C7220090687B /* Debug */,
				E8C3B24F2DA4C7220090687B /* Release */,
			);
			defaultConfigurationIsVisible = 0;
			defaultConfigurationName = Release;
		};
		E8C3B2502DA4C7220090687B /* Build configuration list for PBXNativeTarget "Hoc_Lai_Xe_BTests" */ = {
			isa = XCConfigurationList;
			buildConfigurations = (
				E8C3B2512DA4C7220090687B /* Debug */,
				E8C3B2522DA4C7220090687B /* Release */,
			);
			defaultConfigurationIsVisible = 0;
			defaultConfigurationName = Release;
		};
		E8C3B2532DA4C7220090687B /* Build configuration list for PBXNativeTarget "Hoc_Lai_Xe_BUITests" */ = {
			isa = XCConfigurationList;
			buildConfigurations = (
				E8C3B2542DA4C7220090687B /* Debug */,
				E8C3B2552DA4C7220090687B /* Release */,
			);
			defaultConfigurationIsVisible = 0;
			defaultConfigurationName = Release;
		};
/* End XCConfigurationList section */
	};
	rootObject = E8C3B21B2DA4C7200090687B /* Project object */;
}
